
Microsoft Visual Studio Solution File, Format Version 12.00
# Visual Studio 14
VisualStudioVersion = 14.0.24720.0
MinimumVisualStudioVersion = 10.0.40219.1
Project("{FAE04EC0-301F-11D3-BF4B-00C04F79EFBC}") = "Win_InvApp", "Win_InvApp\Win_InvApp.csproj", "{2B1F6110-2C5D-40F0-9C47-79B9F3FED125}"
EndProject
Project("{FAE04EC0-301F-11D3-BF4B-00C04F79EFBC}") = "CloudBoost", "Win_InvApp\Modules\CloudBoost\CloudBoost.csproj", "{CE9857DC-B49D-49B7-B26A-E1CE7AB4C0A2}"
EndProject
Global
	GlobalSection(SolutionConfigurationPlatforms) = preSolution
		Debug|Any CPU = Debug|Any CPU
		Debug|x86 = Debug|x86
		Release|Any CPU = Release|Any CPU
		Release|x86 = Release|x86
	EndGlobalSection
	GlobalSection(ProjectConfigurationPlatforms) = postSolution
		{2B1F6110-2C5D-40F0-9C47-79B9F3FED125}.Debug|Any CPU.ActiveCfg = Debug|Any CPU
		{2B1F6110-2C5D-40F0-9C47-79B9F3FED125}.Debug|Any CPU.Build.0 = Debug|Any CPU
		{2B1F6110-2C5D-40F0-9C47-79B9F3FED125}.Debug|x86.ActiveCfg = Debug|x86
		{2B1F6110-2C5D-40F0-9C47-79B9F3FED125}.Debug|x86.Build.0 = Debug|x86
		{2B1F6110-2C5D-40F0-9C47-79B9F3FED125}.Release|Any CPU.ActiveCfg = Release|Any CPU
		{2B1F6110-2C5D-40F0-9C47-79B9F3FED125}.Release|Any CPU.Build.0 = Release|Any CPU
		{2B1F6110-2C5D-40F0-9C47-79B9F3FED125}.Release|x86.ActiveCfg = Release|x86
		{2B1F6110-2C5D-40F0-9C47-79B9F3FED125}.Release|x86.Build.0 = Release|x86
		{CE9857DC-B49D-49B7-B26A-E1CE7AB4C0A2}.Debug|Any CPU.ActiveCfg = Debug|Any CPU
		{CE9857DC-B49D-49B7-B26A-E1CE7AB4C0A2}.Debug|Any CPU.Build.0 = Debug|Any CPU
		{CE9857DC-B49D-49B7-B26A-E1CE7AB4C0A2}.Debug|x86.ActiveCfg = Debug|Any CPU
		{CE9857DC-B49D-49B7-B26A-E1CE7AB4C0A2}.Debug|x86.Build.0 = Debug|Any CPU
		{CE9857DC-B49D-49B7-B26A-E1CE7AB4C0A2}.Release|Any CPU.ActiveCfg = Release|Any CPU
		{CE9857DC-B49D-49B7-B26A-E1CE7AB4C0A2}.Release|Any CPU.Build.0 = Release|Any CPU
		{CE9857DC-B49D-49B7-B26A-E1CE7AB4C0A2}.Release|x86.ActiveCfg = Release|Any CPU
		{CE9857DC-B49D-49B7-B26A-E1CE7AB4C0A2}.Release|x86.Build.0 = Release|Any CPU
	EndGlobalSection
	GlobalSection(SolutionProperties) = preSolution
		HideSolutionNode = FALSE
	EndGlobalSection
EndGlobal
